
Microsoft Visual Studio Solution File, Format Version 12.00
# Visual Studio Version 17
VisualStudioVersion = 17.14.36408.4 d17.14
MinimumVisualStudioVersion = 10.0.40219.1
Project("{FAE04EC0-301F-11D3-BF4B-00C04F79EFBC}") = "GuessingGame", "GuessingGame\GuessingGame.csproj", "{5EF80AFC-7CC2-4A23-A7A9-B08746710D1E}"
EndProject
Global
	GlobalSection(SolutionConfigurationPlatforms) = preSolution
		Debug|Any CPU = Debug|Any CPU
		Release|Any CPU = Release|Any CPU
	EndGlobalSection
	GlobalSection(ProjectConfigurationPlatforms) = postSolution
		{5EF80AFC-7CC2-4A23-A7A9-B08746710D1E}.Debug|Any CPU.ActiveCfg = Debug|Any CPU
		{5EF80AFC-7CC2-4A23-A7A9-B08746710D1E}.Debug|Any CPU.Build.0 = Debug|Any CPU
		{5EF80AFC-7CC2-4A23-A7A9-B08746710D1E}.Release|Any CPU.ActiveCfg = Release|Any CPU
		{5EF80AFC-7CC2-4A23-A7A9-B08746710D1E}.Release|Any CPU.Build.0 = Release|Any CPU
	EndGlobalSection
	GlobalSection(SolutionProperties) = preSolution
		HideSolutionNode = FALSE
	EndGlobalSection
	GlobalSection(ExtensibilityGlobals) = postSolution
		SolutionGuid = {913039A1-5370-42DA-9C0D-DEA3DB7E2C01}
	EndGlobalSection
EndGlobal
